
Microsoft Visual Studio Solution File, Format Version 12.00
# Visual Studio Version 17
VisualStudioVersion = 17.3.32901.215
MinimumVisualStudioVersion = 10.0.40219.1
Project("{FAE04EC0-301F-11D3-BF4B-00C04F79EFBC}") = "String", "String.csproj", "{5F566B57-6D79-4766-A9D4-6957B8589973}"
EndProject
Global
	GlobalSection(SolutionConfigurationPlatforms) = preSolution
		Debug|Any CPU = Debug|Any CPU
		Release|Any CPU = Release|Any CPU
	EndGlobalSection
	GlobalSection(ProjectConfigurationPlatforms) = postSolution
		{5F566B57-6D79-4766-A9D4-6957B8589973}.Debug|Any CPU.ActiveCfg = Debug|Any CPU
		{5F566B57-6D79-4766-A9D4-6957B8589973}.Debug|Any CPU.Build.0 = Debug|Any CPU
		{5F566B57-6D79-4766-A9D4-6957B8589973}.Release|Any CPU.ActiveCfg = Release|Any CPU
		{5F566B57-6D79-4766-A9D4-6957B8589973}.Release|Any CPU.Build.0 = Release|Any CPU
	EndGlobalSection
	GlobalSection(SolutionProperties) = preSolution
		HideSolutionNode = FALSE
	EndGlobalSection
	GlobalSection(ExtensibilityGlobals) = postSolution
		SolutionGuid = {BD81113E-1435-42E6-A4D3-0A1E8B461C9B}
	EndGlobalSection
EndGlobal
